
Microsoft Visual Studio Solution File, Format Version 11.00
# Visual Studio 2010
Project("{FAE04EC0-301F-11D3-BF4B-00C04F79EFBC}") = "ClinicModel", "ClinicModel\ClinicModel.csproj", "{F9348186-7F9F-4336-A3C6-7F05B7CA2F11}"
EndProject
Project("{FAE04EC0-301F-11D3-BF4B-00C04F79EFBC}") = "ClinicBusinessLogic", "ClinicBusinessLogic\ClinicBusinessLogic.csproj", "{448C1C5D-2FDA-4F5A-BD43-A8C871D6E42E}"
EndProject
Project("{FAE04EC0-301F-11D3-BF4B-00C04F79EFBC}") = "ClinicUI", "ClinicUI\ClinicUI.csproj", "{68F46205-C7D4-4AC4-8FCB-19DB225E1B78}"
EndProject
Global
	GlobalSection(SolutionConfigurationPlatforms) = preSolution
		Debug|Any CPU = Debug|Any CPU
		Debug|Mixed Platforms = Debug|Mixed Platforms
		Debug|x86 = Debug|x86
		Release|Any CPU = Release|Any CPU
		Release|Mixed Platforms = Release|Mixed Platforms
		Release|x86 = Release|x86
	EndGlobalSection
	GlobalSection(ProjectConfigurationPlatforms) = postSolution
		{F9348186-7F9F-4336-A3C6-7F05B7CA2F11}.Debug|Any CPU.ActiveCfg = Debug|Any CPU
		{F9348186-7F9F-4336-A3C6-7F05B7CA2F11}.Debug|Any CPU.Build.0 = Debug|Any CPU
		{F9348186-7F9F-4336-A3C6-7F05B7CA2F11}.Debug|Mixed Platforms.ActiveCfg = Debug|Any CPU
		{F9348186-7F9F-4336-A3C6-7F05B7CA2F11}.Debug|Mixed Platforms.Build.0 = Debug|Any CPU
		{F9348186-7F9F-4336-A3C6-7F05B7CA2F11}.Debug|x86.ActiveCfg = Debug|Any CPU
		{F9348186-7F9F-4336-A3C6-7F05B7CA2F11}.Release|Any CPU.ActiveCfg = Release|Any CPU
		{F9348186-7F9F-4336-A3C6-7F05B7CA2F11}.Release|Any CPU.Build.0 = Release|Any CPU
		{F9348186-7F9F-4336-A3C6-7F05B7CA2F11}.Release|Mixed Platforms.ActiveCfg = Release|Any CPU
		{F9348186-7F9F-4336-A3C6-7F05B7CA2F11}.Release|Mixed Platforms.Build.0 = Release|Any CPU
		{F9348186-7F9F-4336-A3C6-7F05B7CA2F11}.Release|x86.ActiveCfg = Release|Any CPU
		{448C1C5D-2FDA-4F5A-BD43-A8C871D6E42E}.Debug|Any CPU.ActiveCfg = Debug|Any CPU
		{448C1C5D-2FDA-4F5A-BD43-A8C871D6E42E}.Debug|Any CPU.Build.0 = Debug|Any CPU
		{448C1C5D-2FDA-4F5A-BD43-A8C871D6E42E}.Debug|Mixed Platforms.ActiveCfg = Debug|Any CPU
		{448C1C5D-2FDA-4F5A-BD43-A8C871D6E42E}.Debug|Mixed Platforms.Build.0 = Debug|Any CPU
		{448C1C5D-2FDA-4F5A-BD43-A8C871D6E42E}.Debug|x86.ActiveCfg = Debug|Any CPU
		{448C1C5D-2FDA-4F5A-BD43-A8C871D6E42E}.Release|Any CPU.ActiveCfg = Release|Any CPU
		{448C1C5D-2FDA-4F5A-BD43-A8C871D6E42E}.Release|Any CPU.Build.0 = Release|Any CPU
		{448C1C5D-2FDA-4F5A-BD43-A8C871D6E42E}.Release|Mixed Platforms.ActiveCfg = Release|Any CPU
		{448C1C5D-2FDA-4F5A-BD43-A8C871D6E42E}.Release|Mixed Platforms.Build.0 = Release|Any CPU
		{448C1C5D-2FDA-4F5A-BD43-A8C871D6E42E}.Release|x86.ActiveCfg = Release|Any CPU
		{68F46205-C7D4-4AC4-8FCB-19DB225E1B78}.Debug|Any CPU.ActiveCfg = Debug|x86
		{68F46205-C7D4-4AC4-8FCB-19DB225E1B78}.Debug|Mixed Platforms.ActiveCfg = Debug|x86
		{68F46205-C7D4-4AC4-8FCB-19DB225E1B78}.Debug|Mixed Platforms.Build.0 = Debug|x86
		{68F46205-C7D4-4AC4-8FCB-19DB225E1B78}.Debug|x86.ActiveCfg = Debug|x86
		{68F46205-C7D4-4AC4-8FCB-19DB225E1B78}.Debug|x86.Build.0 = Debug|x86
		{68F46205-C7D4-4AC4-8FCB-19DB225E1B78}.Release|Any CPU.ActiveCfg = Release|x86
		{68F46205-C7D4-4AC4-8FCB-19DB225E1B78}.Release|Mixed Platforms.ActiveCfg = Release|x86
		{68F46205-C7D4-4AC4-8FCB-19DB225E1B78}.Release|Mixed Platforms.Build.0 = Release|x86
		{68F46205-C7D4-4AC4-8FCB-19DB225E1B78}.Release|x86.ActiveCfg = Release|x86
		{68F46205-C7D4-4AC4-8FCB-19DB225E1B78}.Release|x86.Build.0 = Release|x86
	EndGlobalSection
	GlobalSection(SolutionProperties) = preSolution
		HideSolutionNode = FALSE
	EndGlobalSection
EndGlobal
